
Microsoft Visual Studio Solution File, Format Version 12.00
# Visual Studio 15
VisualStudioVersion = 15.0.28307.421
MinimumVisualStudioVersion = 10.0.40219.1
Project("{FAE04EC0-301F-11D3-BF4B-00C04F79EFBC}") = "Planner.DataAccess", "Planner.DataAccess\Planner.DataAccess.csproj", "{0F4FB7C7-F939-4FF7-8345-6E53A21CAAC9}"
EndProject
Project("{FAE04EC0-301F-11D3-BF4B-00C04F79EFBC}") = "Planner.Business", "Planner.Business\Planner.Business.csproj", "{C679D01A-B1B9-438F-A8DA-05691BECF1CE}"
EndProject
Project("{FAE04EC0-301F-11D3-BF4B-00C04F79EFBC}") = "Planner.MvcUI", "Planner.MvcUI\Planner.MvcUI.csproj", "{FC380FE0-F21F-4985-BC58-033A3774DFB5}"
EndProject
Global
	GlobalSection(SolutionConfigurationPlatforms) = preSolution
		Debug|Any CPU = Debug|Any CPU
		Release|Any CPU = Release|Any CPU
	EndGlobalSection
	GlobalSection(ProjectConfigurationPlatforms) = postSolution
		{0F4FB7C7-F939-4FF7-8345-6E53A21CAAC9}.Debug|Any CPU.ActiveCfg = Debug|Any CPU
		{0F4FB7C7-F939-4FF7-8345-6E53A21CAAC9}.Debug|Any CPU.Build.0 = Debug|Any CPU
		{0F4FB7C7-F939-4FF7-8345-6E53A21CAAC9}.Release|Any CPU.ActiveCfg = Release|Any CPU
		{0F4FB7C7-F939-4FF7-8345-6E53A21CAAC9}.Release|Any CPU.Build.0 = Release|Any CPU
		{C679D01A-B1B9-438F-A8DA-05691BECF1CE}.Debug|Any CPU.ActiveCfg = Debug|Any CPU
		{C679D01A-B1B9-438F-A8DA-05691BECF1CE}.Debug|Any CPU.Build.0 = Debug|Any CPU
		{C679D01A-B1B9-438F-A8DA-05691BECF1CE}.Release|Any CPU.ActiveCfg = Release|Any CPU
		{C679D01A-B1B9-438F-A8DA-05691BECF1CE}.Release|Any CPU.Build.0 = Release|Any CPU
		{FC380FE0-F21F-4985-BC58-033A3774DFB5}.Debug|Any CPU.ActiveCfg = Debug|Any CPU
		{FC380FE0-F21F-4985-BC58-033A3774DFB5}.Debug|Any CPU.Build.0 = Debug|Any CPU
		{FC380FE0-F21F-4985-BC58-033A3774DFB5}.Release|Any CPU.ActiveCfg = Release|Any CPU
		{FC380FE0-F21F-4985-BC58-033A3774DFB5}.Release|Any CPU.Build.0 = Release|Any CPU
	EndGlobalSection
	GlobalSection(SolutionProperties) = preSolution
		HideSolutionNode = FALSE
	EndGlobalSection
	GlobalSection(ExtensibilityGlobals) = postSolution
		SolutionGuid = {3C85E9D6-B0AE-48DC-A2AF-FB7A9AFB261C}
	EndGlobalSection
EndGlobal
